# This file is generated by running "yarn install" inside your project.
# Manual changes might be lost - proceed with caution!

__metadata:
  version: 6
  cacheKey: 8

"@types/blazor__javascript-interop@npm:^3.1.3":
  version: 3.1.3
  resolution: "@types/blazor__javascript-interop@npm:3.1.3"
  checksum: 1c824dc76390de6729009b48e1c4762ae188f719065e5ab052d7f532f9bb9c82e29209a99f222639f262723d8dd82120f51da46bdb05f3057c7298896098186f
  languageName: node
  linkType: hard

"JelyUI@workspace:.":
  version: 0.0.0-use.local
  resolution: "JelyUI@workspace:."
  dependencies:
    "@types/blazor__javascript-interop": ^3.1.3
    typescript: ^5.0.4
  languageName: unknown
  linkType: soft

"typescript@npm:^5.0.4":
  version: 5.0.4
  resolution: "typescript@npm:5.0.4"
  bin:
    tsc: bin/tsc
    tsserver: bin/tsserver
  checksum: 82b94da3f4604a8946da585f7d6c3025fff8410779e5bde2855ab130d05e4fd08938b9e593b6ebed165bda6ad9292b230984f10952cf82f0a0ca07bbeaa08172
  languageName: node
  linkType: hard

"typescript@patch:typescript@^5.0.4#~builtin<compat/typescript>":
  version: 5.0.4
  resolution: "typescript@patch:typescript@npm%3A5.0.4#~builtin<compat/typescript>::version=5.0.4&hash=85af82"
  bin:
    tsc: bin/tsc
    tsserver: bin/tsserver
  checksum: bb309d320c59a26565fb3793dba550576ab861018ff3fd1b7fccabbe46ae4a35546bc45f342c0a0b6f265c801ccdf64ffd68f548f117ceb7f0eac4b805cd52a9
  languageName: node
  linkType: hard
